// !$*UTF8*$!
{
	archiveVersion = 1;
	classes = {
	};
	objectVersion = 50;
	objects = {

/* Begin PBXBuildFile section */
		A122464525FAA1810086CE3A /* TaskRepository.swift in Sources */ = {isa = PBXBuildFile; fileRef = A122464425FAA1810086CE3A /* TaskRepository.swift */; };
		A1CF436425F6A10E009690BC /* AppDelegate.swift in Sources */ = {isa = PBXBuildFile; fileRef = A1CF436325F6A10E009690BC /* AppDelegate.swift */; };
		A1CF436625F6A10E009690BC /* SceneDelegate.swift in Sources */ = {isa = PBXBuildFile; fileRef = A1CF436525F6A10E009690BC /* SceneDelegate.swift */; };
		A1CF436825F6A10E009690BC /* ViewController.swift in Sources */ = {isa = PBXBuildFile; fileRef = A1CF436725F6A10E009690BC /* ViewController.swift */; };
		A1CF436B25F6A10E009690BC /* Main.storyboard in Resources */ = {isa = PBXBuildFile; fileRef = A1CF436925F6A10E009690BC /* Main.storyboard */; };
		A1CF436D25F6A111009690BC /* Assets.xcassets in Resources */ = {isa = PBXBuildFile; fileRef = A1CF436C25F6A111009690BC /* Assets.xcassets */; };
		A1CF437025F6A111009690BC /* LaunchScreen.storyboard in Resources */ = {isa = PBXBuildFile; fileRef = A1CF436E25F6A111009690BC /* LaunchScreen.storyboard */; };
		A1CF437B25F6A6B0009690BC /* Task.swift in Sources */ = {isa = PBXBuildFile; fileRef = A1CF437A25F6A6B0009690BC /* Task.swift */; };
		A1CF438025F6A98B009690BC /* MainViewController.swift in Sources */ = {isa = PBXBuildFile; fileRef = A1CF437F25F6A98B009690BC /* MainViewController.swift */; };
		A1CF438525F6AA50009690BC /* MainView.swift in Sources */ = {isa = PBXBuildFile; fileRef = A1CF438425F6AA50009690BC /* MainView.swift */; };
		A1CF438925F6AB27009690BC /* MainViewCell.swift in Sources */ = {isa = PBXBuildFile; fileRef = A1CF438825F6AB27009690BC /* MainViewCell.swift */; };
/* End PBXBuildFile section */

/* Begin PBXFileReference section */
		A122464425FAA1810086CE3A /* TaskRepository.swift */ = {isa = PBXFileReference; lastKnownFileType = sourcecode.swift; path = TaskRepository.swift; sourceTree = "<group>"; };
		A1CF436025F6A10E009690BC /* ToDoList.app */ = {isa = PBXFileReference; explicitFileType = wrapper.application; includeInIndex = 0; path = ToDoList.app; sourceTree = BUILT_PRODUCTS_DIR; };
		A1CF436325F6A10E009690BC /* AppDelegate.swift */ = {isa = PBXFileReference; lastKnownFileType = sourcecode.swift; path = AppDelegate.swift; sourceTree = "<group>"; };
		A1CF436525F6A10E009690BC /* SceneDelegate.swift */ = {isa = PBXFileReference; lastKnownFileType = sourcecode.swift; path = SceneDelegate.swift; sourceTree = "<group>"; };
		A1CF436725F6A10E009690BC /* ViewController.swift */ = {isa = PBXFileReference; lastKnownFileType = sourcecode.swift; path = ViewController.swift; sourceTree = "<group>"; };
		A1CF436A25F6A10E009690BC /* Base */ = {isa = PBXFileReference; lastKnownFileType = file.storyboard; name = Base; path = Base.lproj/Main.storyboard; sourceTree = "<group>"; };
		A1CF436C25F6A111009690BC /* Assets.xcassets */ = {isa = PBXFileReference; lastKnownFileType = folder.assetcatalog; path = Assets.xcassets; sourceTree = "<group>"; };
		A1CF436F25F6A111009690BC /* Base */ = {isa = PBXFileReference; lastKnownFileType = file.storyboard; name = Base; path = Base.lproj/LaunchScreen.storyboard; sourceTree = "<group>"; };
		A1CF437125F6A111009690BC /* Info.plist */ = {isa = PBXFileReference; lastKnownFileType = text.plist.xml; path = Info.plist; sourceTree = "<group>"; };
		A1CF437A25F6A6B0009690BC /* Task.swift */ = {isa = PBXFileReference; lastKnownFileType = sourcecode.swift; path = Task.swift; sourceTree = "<group>"; };
		A1CF437F25F6A98B009690BC /* MainViewController.swift */ = {isa = PBXFileReference; lastKnownFileType = sourcecode.swift; path = MainViewController.swift; sourceTree = "<group>"; };
		A1CF438425F6AA50009690BC /* MainView.swift */ = {isa = PBXFileReference; lastKnownFileType = sourcecode.swift; path = MainView.swift; sourceTree = "<group>"; };
		A1CF438825F6AB27009690BC /* MainViewCell.swift */ = {isa = PBXFileReference; lastKnownFileType = sourcecode.swift; path = MainViewCell.swift; sourceTree = "<group>"; };
/* End PBXFileReference section */

/* Begin PBXFrameworksBuildPhase section */
		A1CF435D25F6A10E009690BC /* Frameworks */ = {
			isa = PBXFrameworksBuildPhase;
			buildActionMask = 2147483647;
			files = (
			);
			runOnlyForDeploymentPostprocessing = 0;
		};
/* End PBXFrameworksBuildPhase section */

/* Begin PBXGroup section */
		A1CF435725F6A10E009690BC = {
			isa = PBXGroup;
			children = (
				A1CF436225F6A10E009690BC /* ToDoList */,
				A1CF436125F6A10E009690BC /* Products */,
			);
			sourceTree = "<group>";
		};
		A1CF436125F6A10E009690BC /* Products */ = {
			isa = PBXGroup;
			children = (
				A1CF436025F6A10E009690BC /* ToDoList.app */,
			);
			name = Products;
			sourceTree = "<group>";
		};
		A1CF436225F6A10E009690BC /* ToDoList */ = {
			isa = PBXGroup;
			children = (
				A1CF438225F6AA32009690BC /* View */,
				A1CF437E25F6A974009690BC /* Controller */,
				A1CF437925F6A658009690BC /* Model */,
				A1CF436325F6A10E009690BC /* AppDelegate.swift */,
				A1CF436525F6A10E009690BC /* SceneDelegate.swift */,
				A1CF436725F6A10E009690BC /* ViewController.swift */,
				A1CF436925F6A10E009690BC /* Main.storyboard */,
				A1CF436C25F6A111009690BC /* Assets.xcassets */,
				A1CF436E25F6A111009690BC /* LaunchScreen.storyboard */,
				A1CF437125F6A111009690BC /* Info.plist */,
			);
			path = ToDoList;
			sourceTree = "<group>";
		};
		A1CF437925F6A658009690BC /* Model */ = {
			isa = PBXGroup;
			children = (
				A1CF437A25F6A6B0009690BC /* Task.swift */,
				A122464425FAA1810086CE3A /* TaskRepository.swift */,
			);
			path = Model;
			sourceTree = "<group>";
		};
		A1CF437E25F6A974009690BC /* Controller */ = {
			isa = PBXGroup;
			children = (
				A1CF437F25F6A98B009690BC /* MainViewController.swift */,
			);
			path = Controller;
			sourceTree = "<group>";
		};
		A1CF438225F6AA32009690BC /* View */ = {
			isa = PBXGroup;
			children = (
				A1CF438425F6AA50009690BC /* MainView.swift */,
				A1CF438825F6AB27009690BC /* MainViewCell.swift */,
			);
			path = View;
			sourceTree = "<group>";
		};
/* End PBXGroup section */

/* Begin PBXNativeTarget section */
		A1CF435F25F6A10E009690BC /* ToDoList */ = {
			isa = PBXNativeTarget;
			buildConfigurationList = A1CF437425F6A111009690BC /* Build configuration list for PBXNativeTarget "ToDoList" */;
			buildPhases = (
				A1CF435C25F6A10E009690BC /* Sources */,
				A1CF435D25F6A10E009690BC /* Frameworks */,
				A1CF435E25F6A10E009690BC /* Resources */,
			);
			buildRules = (
			);
			dependencies = (
			);
			name = ToDoList;
			productName = ToDoList;
			productReference = A1CF436025F6A10E009690BC /* ToDoList.app */;
			productType = "com.apple.product-type.application";
		};
/* End PBXNativeTarget section */

/* Begin PBXProject section */
		A1CF435825F6A10E009690BC /* Project object */ = {
			isa = PBXProject;
			attributes = {
				LastSwiftUpdateCheck = 1240;
				LastUpgradeCheck = 1240;
				TargetAttributes = {
					A1CF435F25F6A10E009690BC = {
						CreatedOnToolsVersion = 12.4;
					};
				};
			};
			buildConfigurationList = A1CF435B25F6A10E009690BC /* Build configuration list for PBXProject "ToDoList" */;
			compatibilityVersion = "Xcode 9.3";
			developmentRegion = en;
			hasScannedForEncodings = 0;
			knownRegions = (
				en,
				Base,
			);
			mainGroup = A1CF435725F6A10E009690BC;
			productRefGroup = A1CF436125F6A10E009690BC /* Products */;
			projectDirPath = "";
			projectRoot = "";
			targets = (
				A1CF435F25F6A10E009690BC /* ToDoList */,
			);
		};
/* End PBXProject section */

/* Begin PBXResourcesBuildPhase section */
		A1CF435E25F6A10E009690BC /* Resources */ = {
			isa = PBXResourcesBuildPhase;
			buildActionMask = 2147483647;
			files = (
				A1CF437025F6A111009690BC /* LaunchScreen.storyboard in Resources */,
				A1CF436D25F6A111009690BC /* Assets.xcassets in Resources */,
				A1CF436B25F6A10E009690BC /* Main.storyboard in Resources */,
			);
			runOnlyForDeploymentPostprocessing = 0;
		};
/* End PBXResourcesBuildPhase section */

/* Begin PBXSourcesBuildPhase section */
		A1CF435C25F6A10E009690BC /* Sources */ = {
			isa = PBXSourcesBuildPhase;
			buildActionMask = 2147483647;
			files = (
				A1CF437B25F6A6B0009690BC /* Task.swift in Sources */,
				A1CF438525F6AA50009690BC /* MainView.swift in Sources */,
				A122464525FAA1810086CE3A /* TaskRepository.swift in Sources */,
				A1CF436825F6A10E009690BC /* ViewController.swift in Sources */,
				A1CF436425F6A10E009690BC /* AppDelegate.swift in Sources */,
				A1CF436625F6A10E009690BC /* SceneDelegate.swift in Sources */,
				A1CF438925F6AB27009690BC /* MainViewCell.swift in Sources */,
				A1CF438025F6A98B009690BC /* MainViewController.swift in Sources */,
			);
			runOnlyForDeploymentPostprocessing = 0;
		};
/* End PBXSourcesBuildPhase section */

/* Begin PBXVariantGroup section */
		A1CF436925F6A10E009690BC /* Main.storyboard */ = {
			isa = PBXVariantGroup;
			children = (
				A1CF436A25F6A10E009690BC /* Base */,
			);
			name = Main.storyboard;
			sourceTree = "<group>";
		};
		A1CF436E25F6A111009690BC /* LaunchScreen.storyboard */ = {
			isa = PBXVariantGroup;
			children = (
				A1CF436F25F6A111009690BC /* Base */,
			);
			name = LaunchScreen.storyboard;
			sourceTree = "<group>";
		};
/* End PBXVariantGroup section */

/* Begin XCBuildConfiguration section */
		A1CF437225F6A111009690BC /* Debug */ = {
			isa = XCBuildConfiguration;
			buildSettings = {
				ALWAYS_SEARCH_USER_PATHS = NO;
				CLANG_ANALYZER_NONNULL = YES;
				CLANG_ANALYZER_NUMBER_OBJECT_CONVERSION = YES_AGGRESSIVE;
				CLANG_CXX_LANGUAGE_STANDARD = "gnu++14";
				CLANG_CXX_LIBRARY = "libc++";
				CLANG_ENABLE_MODULES = YES;
				CLANG_ENABLE_OBJC_ARC = YES;
				CLANG_ENABLE_OBJC_WEAK = YES;
				CLANG_WARN_BLOCK_CAPTURE_AUTORELEASING = YES;
				CLANG_WARN_BOOL_CONVERSION = YES;
				CLANG_WARN_COMMA = YES;
				CLANG_WARN_CONSTANT_CONVERSION = YES;
				CLANG_WARN_DEPRECATED_OBJC_IMPLEMENTATIONS = YES;
				CLANG_WARN_DIRECT_OBJC_ISA_USAGE = YES_ERROR;
				CLANG_WARN_DOCUMENTATION_COMMENTS = YES;
				CLANG_WARN_EMPTY_BODY = YES;
				CLANG_WARN_ENUM_CONVERSION = YES;
				CLANG_WARN_INFINITE_RECURSION = YES;
				CLANG_WARN_INT_CONVERSION = YES;
				CLANG_WARN_NON_LITERAL_NULL_CONVERSION = YES;
				CLANG_WARN_OBJC_IMPLICIT_RETAIN_SELF = YES;
				CLANG_WARN_OBJC_LITERAL_CONVERSION = YES;
				CLANG_WARN_OBJC_ROOT_CLASS = YES_ERROR;
				CLANG_WARN_QUOTED_INCLUDE_IN_FRAMEWORK_HEADER = YES;
				CLANG_WARN_RANGE_LOOP_ANALYSIS = YES;
				CLANG_WARN_STRICT_PROTOTYPES = YES;
				CLANG_WARN_SUSPICIOUS_MOVE = YES;
				CLANG_WARN_UNGUARDED_AVAILABILITY = YES_AGGRESSIVE;
				CLANG_WARN_UNREACHABLE_CODE = YES;
				CLANG_WARN__DUPLICATE_METHOD_MATCH = YES;
				COPY_PHASE_STRIP = NO;
				DEBUG_INFORMATION_FORMAT = dwarf;
				ENABLE_STRICT_OBJC_MSGSEND = YES;
				ENABLE_TESTABILITY = YES;
				GCC_C_LANGUAGE_STANDARD = gnu11;
				GCC_DYNAMIC_NO_PIC = NO;
				GCC_NO_COMMON_BLOCKS = YES;
				GCC_OPTIMIZATION_LEVEL = 0;
				GCC_PREPROCESSOR_DEFINITIONS = (
					"DEBUG=1",
					"$(inherited)",
				);
				GCC_WARN_64_TO_32_BIT_CONVERSION = YES;
				GCC_WARN_ABOUT_RETURN_TYPE = YES_ERROR;
				GCC_WARN_UNDECLARED_SELECTOR = YES;
				GCC_WARN_UNINITIALIZED_AUTOS = YES_AGGRESSIVE;
				GCC_WARN_UNUSED_FUNCTION = YES;
				GCC_WARN_UNUSED_VARIABLE = YES;
				IPHONEOS_DEPLOYMENT_TARGET = 14.4;
				MTL_ENABLE_DEBUG_INFO = INCLUDE_SOURCE;
				MTL_FAST_MATH = YES;
				ONLY_ACTIVE_ARCH = YES;
				SDKROOT = iphoneos;
				SWIFT_ACTIVE_COMPILATION_CONDITIONS = DEBUG;
				SWIFT_OPTIMIZATION_LEVEL = "-Onone";
			};
			name = Debug;
		};
		A1CF437325F6A111009690BC /* Release */ = {
			isa = XCBuildConfiguration;
			buildSettings = {
				ALWAYS_SEARCH_USER_PATHS = NO;
				CLANG_ANALYZER_NONNULL = YES;
				CLANG_ANALYZER_NUMBER_OBJECT_CONVERSION = YES_AGGRESSIVE;
				CLANG_CXX_LANGUAGE_STANDARD = "gnu++14";
				CLANG_CXX_LIBRARY = "libc++";
				CLANG_ENABLE_MODULES = YES;
				CLANG_ENABLE_OBJC_ARC = YES;
				CLANG_ENABLE_OBJC_WEAK = YES;
				CLANG_WARN_BLOCK_CAPTURE_AUTORELEASING = YES;
				CLANG_WARN_BOOL_CONVERSION = YES;
				CLANG_WARN_COMMA = YES;
				CLANG_WARN_CONSTANT_CONVERSION = YES;
				CLANG_WARN_DEPRECATED_OBJC_IMPLEMENTATIONS = YES;
				CLANG_WARN_DIRECT_OBJC_ISA_USAGE = YES_ERROR;
				CLANG_WARN_DOCUMENTATION_COMMENTS = YES;
				CLANG_WARN_EMPTY_BODY = YES;
				CLANG_WARN_ENUM_CONVERSION = YES;
				CLANG_WARN_INFINITE_RECURSION = YES;
				CLANG_WARN_INT_CONVERSION = YES;
				CLANG_WARN_NON_LITERAL_NULL_CONVERSION = YES;
				CLANG_WARN_OBJC_IMPLICIT_RETAIN_SELF = YES;
				CLANG_WARN_OBJC_LITERAL_CONVERSION = YES;
				CLANG_WARN_OBJC_ROOT_CLASS = YES_ERROR;
				CLANG_WARN_QUOTED_INCLUDE_IN_FRAMEWORK_HEADER = YES;
				CLANG_WARN_RANGE_LOOP_ANALYSIS = YES;
				CLANG_WARN_STRICT_PROTOTYPES = YES;
				CLANG_WARN_SUSPICIOUS_MOVE = YES;
				CLANG_WARN_UNGUARDED_AVAILABILITY = YES_AGGRESSIVE;
				CLANG_WARN_UNREACHABLE_CODE = YES;
				CLANG_WARN__DUPLICATE_METHOD_MATCH = YES;
				COPY_PHASE_STRIP = NO;
				DEBUG_INFORMATION_FORMAT = "dwarf-with-dsym";
				ENABLE_NS_ASSERTIONS = NO;
				ENABLE_STRICT_OBJC_MSGSEND = YES;
				GCC_C_LANGUAGE_STANDARD = gnu11;
				GCC_NO_COMMON_BLOCKS = YES;
				GCC_WARN_64_TO_32_BIT_CONVERSION = YES;
				GCC_WARN_ABOUT_RETURN_TYPE = YES_ERROR;
				GCC_WARN_UNDECLARED_SELECTOR = YES;
				GCC_WARN_UNINITIALIZED_AUTOS = YES_AGGRESSIVE;
				GCC_WARN_UNUSED_FUNCTION = YES;
				GCC_WARN_UNUSED_VARIABLE = YES;
				IPHONEOS_DEPLOYMENT_TARGET = 14.4;
				MTL_ENABLE_DEBUG_INFO = NO;
				MTL_FAST_MATH = YES;
				SDKROOT = iphoneos;
				SWIFT_COMPILATION_MODE = wholemodule;
				SWIFT_OPTIMIZATION_LEVEL = "-O";
				VALIDATE_PRODUCT = YES;
			};
			name = Release;
		};
		A1CF437525F6A111009690BC /* Debug */ = {
			isa = XCBuildConfiguration;
			buildSettings = {
				ASSETCATALOG_COMPILER_APPICON_NAME = AppIcon;
				ASSETCATALOG_COMPILER_GLOBAL_ACCENT_COLOR_NAME = AccentColor;
				CODE_SIGN_STYLE = Automatic;
				DEVELOPMENT_TEAM = XHN97245U5;
				INFOPLIST_FILE = ToDoList/Info.plist;
				LD_RUNPATH_SEARCH_PATHS = (
					"$(inherited)",
					"@executable_path/Frameworks",
				);
				PRODUCT_BUNDLE_IDENTIFIER = com.konstantinkuznetsov.ToDoList;
				PRODUCT_NAME = "$(TARGET_NAME)";
				SWIFT_VERSION = 5.0;
				TARGETED_DEVICE_FAMILY = "1,2";
			};
			name = Debug;
		};
		A1CF437625F6A111009690BC /* Release */ = {
			isa = XCBuildConfiguration;
			buildSettings = {
				ASSETCATALOG_COMPILER_APPICON_NAME = AppIcon;
				ASSETCATALOG_COMPILER_GLOBAL_ACCENT_COLOR_NAME = AccentColor;
				CODE_SIGN_STYLE = Automatic;
				DEVELOPMENT_TEAM = XHN97245U5;
				INFOPLIST_FILE = ToDoList/Info.plist;
				LD_RUNPATH_SEARCH_PATHS = (
					"$(inherited)",
					"@executable_path/Frameworks",
				);
				PRODUCT_BUNDLE_IDENTIFIER = com.konstantinkuznetsov.ToDoList;
				PRODUCT_NAME = "$(TARGET_NAME)";
				SWIFT_VERSION = 5.0;
				TARGETED_DEVICE_FAMILY = "1,2";
			};
			name = Release;
		};
/* End XCBuildConfiguration section */

/* Begin XCConfigurationList section */
		A1CF435B25F6A10E009690BC /* Build configuration list for PBXProject "ToDoList" */ = {
			isa = XCConfigurationList;
			buildConfigurations = (
				A1CF437225F6A111009690BC /* Debug */,
				A1CF437325F6A111009690BC /* Release */,
			);
			defaultConfigurationIsVisible = 0;
			defaultConfigurationName = Release;
		};
		A1CF437425F6A111009690BC /* Build configuration list for PBXNativeTarget "ToDoList" */ = {
			isa = XCConfigurationList;
			buildConfigurations = (
				A1CF437525F6A111009690BC /* Debug */,
				A1CF437625F6A111009690BC /* Release */,
			);
			defaultConfigurationIsVisible = 0;
			defaultConfigurationName = Release;
		};
/* End XCConfigurationList section */
	};
	rootObject = A1CF435825F6A10E009690BC /* Project object */;
}
